<Solution>
  <Folder Name="/Estudos-CSharp/">
    <File Path=".gitattributes" />
    <File Path=".gitignore" />
    <File Path="README.md" />
  </Folder>
  <Folder Name="/Estudos-CSharp/Beecrowd/">
    <Project Path="Beecrowd/Exercicio-01/Exercicio-01.csproj" Id="00b08d58-483c-4001-ba74-f624a161b0b5" />
    <Project Path="Beecrowd/Exercicio-02/Exercicio-02.csproj" Id="ff824029-3033-4944-8f8c-14c3f60165f7" />
    <Project Path="Beecrowd/Exercicio-03/Exercicio-03.csproj" Id="b0fa632d-f136-47d3-b900-bc640dd4fe56" />
    <Project Path="Beecrowd/Exercicio-04/Exercicio-04.csproj" Id="ca3e5067-d4c3-4a9a-b5e1-7f92a9deaa66" />
    <Project Path="Beecrowd/Exercicio-05/Exercicio-05.csproj" Id="a0966b32-d5c4-4303-8db1-1cd5b39cbfee" />
    <Project Path="Beecrowd/Exercicio-06/Exercicio-06.csproj" Id="f96323c0-1e2b-4847-8c4d-5b96b2195bb3" />
    <Project Path="Beecrowd/Exercicio-07/Exercicio-07.csproj" Id="c4cd95f6-9cf0-460d-becc-90d933c3a4a7" />
    <Project Path="Beecrowd/Exercicio-08/Exercicio-08.csproj" Id="36ee04d2-3043-4f88-a079-e6674f13dfb0" />
    <Project Path="Beecrowd/Exercicio-09/Exercicio-09.csproj" Id="558ea59a-7ddd-4309-9c72-533af80e6341" />
    <Project Path="Beecrowd/Exercicio-10/Exercicio-10.csproj" Id="0b8de81d-120b-4bfd-b6a3-4ed7ee9a56df" />
    <Project Path="Beecrowd/Exercicio-11/Exercicio-11.csproj" Id="60c3b3ff-0382-4bb6-9c77-22abbfcf6b82" />
    <Project Path="Beecrowd/Exercicio-12/Exercicio-12.csproj" Id="f7b06f8f-d8e5-45f1-a827-7a8de58b533e" />
    <Project Path="Beecrowd/Exercicio-13/Exercicio-13.csproj" Id="fe356a95-4e32-4b45-b04d-da50a64c514d" />
    <Project Path="Beecrowd/Exercicio-14/Exercicio-14.csproj" Id="5e8caea2-3f92-4fe0-8c39-9643be35b967" />
    <Project Path="Beecrowd/Exercicio-15/Exercicio-15.csproj" Id="0e190aab-8482-4771-a14a-03eb86edd86f" />
    <Project Path="Beecrowd/Exercicio-16/Exercicio-16.csproj" Id="17a80b32-4bf0-4ee3-9d85-019ca38a2de8" />
    <Project Path="Beecrowd/Exercicio-17/Exercicio-17.csproj" Id="5c4ed584-4205-464e-80ce-39800e025a70" />
    <Project Path="Beecrowd/Exercicio-18/Exercicio-18.csproj" Id="91801303-52bb-4b4e-9cbe-ff93a91ff35f" />
    <Project Path="Beecrowd/Exercicio-19/Exercicio-19.csproj" Id="dd9cb468-7c41-4b0e-bf33-2ec6bc9cbb8b" />
    <Project Path="Beecrowd/Exercicio-20/Exercicio-20.csproj" Id="1378ff1d-2a9c-4183-8965-9cdbbb94ed9a" />
    <Project Path="Beecrowd/Exercicio-21/Exercicio-21.csproj" Id="708728c5-c012-4017-b591-cb12e19c342d" />
    <Project Path="Beecrowd/Exercicio-22/Exercicio-22.csproj" Id="67cf6a00-2e72-4953-8fad-2341c7873ddb" />
    <Project Path="Beecrowd/Exercicio-23/Exercicio-23.csproj" Id="0ef5254d-b57a-427c-86bf-c5ea79270736" />
    <Project Path="Beecrowd/Exercicio-24/Exercicio-24.csproj" Id="3b7da7b8-502f-4140-a273-3b17dc58886d" />
    <Project Path="Beecrowd/Exercicio-25/Exercicio-25.csproj" Id="196b67d7-583d-4f42-a083-213de2f5dda8" />
    <Project Path="Beecrowd/Exercicio-26/Exercicio-26.csproj" Id="b34cd112-534e-460f-a00c-c7b5f6572d29" />
    <Project Path="Beecrowd/Exercicio-27/Exercicio-27.csproj" Id="32c70799-cb9b-469e-a0d0-f37ddb6afb8e" />
    <Project Path="Beecrowd/Exercicio-28/Exercicio-28.csproj" Id="822ad5d0-66ad-478b-ba44-96439c8a4fb2" />
    <Project Path="Beecrowd/Exercicio-29/Exercicio-29.csproj" Id="f2a02fdb-0fbc-48cb-b5ec-e892cead981e" />
    <Project Path="Beecrowd/Exercicio-30/Exercicio-30.csproj" Id="5b454b8d-62f2-4109-aabc-99b6760f1f3e" />
  </Folder>
  <Folder Name="/Estudos-CSharp/Curso-Logica/">
    <Project Path="Curso-Logica/Aula-01/Aula-01.csproj" Id="c9f0105c-6d90-4dee-a400-1248129ec12c" />
    <Project Path="Curso-Logica/Aula-02/Aula-02.csproj" Id="9d328025-6928-4f85-8a84-e5047ac0ee3b" />
    <Project Path="Curso-Logica/Aula-03/Aula-03.csproj" Id="33487b03-524a-4e1a-82ee-353f0d2c6966" />
    <Project Path="Curso-Logica/Aula-04/Aula-04.csproj" Id="47b2a294-faa1-4f55-9812-4dc5d95c6b6b" />
    <Project Path="Curso-Logica/Aula-05/Aula-05.csproj" Id="8285106e-6b78-4c86-9df0-411ab92e9e94" />
    <Project Path="Curso-Logica/Aula-06/Aula-06.csproj" Id="e005d76c-0296-4318-97ae-73975bcf7ffa" />
    <Project Path="Curso-Logica/Aula-07/Aula-07.csproj" Id="b3a6d51e-3970-42ed-8b4c-fb547cc1e716" />
    <Project Path="Curso-Logica/Aula-08/Aula-08.csproj" Id="59838319-145c-471e-9d7d-2496c30ff77c" />
    <Project Path="Curso-Logica/Aula-09/Aula-09.csproj" Id="04c15514-8c74-4230-b8f7-592b288026e4" />
  </Folder>
</Solution>
