<Solution>
  <Folder Name="/Estudos-CSharp/">
    <File Path=".gitattributes" />
    <File Path=".gitignore" />
    <File Path="README.md" />
  </Folder>
  <Folder Name="/Estudos-CSharp/Beecrowd/">
    <Project Path="Beecrowd/Exercicio-01/Exercicio-01.csproj" Id="00b08d58-483c-4001-ba74-f624a161b0b5" />
    <Project Path="Beecrowd/Exercicio-02/Exercicio-02.csproj" Id="ff824029-3033-4944-8f8c-14c3f60165f7" />
    <Project Path="Beecrowd/Exercicio-03/Exercicio-03.csproj" Id="b0fa632d-f136-47d3-b900-bc640dd4fe56" />
    <Project Path="Beecrowd/Exercicio-04/Exercicio-04.csproj" Id="ca3e5067-d4c3-4a9a-b5e1-7f92a9deaa66" />
    <Project Path="Beecrowd/Exercicio-05/Exercicio-05.csproj" Id="a0966b32-d5c4-4303-8db1-1cd5b39cbfee" />
    <Project Path="Beecrowd/Exercicio-06/Exercicio-06.csproj" Id="f96323c0-1e2b-4847-8c4d-5b96b2195bb3" />
    <Project Path="Beecrowd/Exercicio-07/Exercicio-07.csproj" Id="c4cd95f6-9cf0-460d-becc-90d933c3a4a7" />
    <Project Path="Beecrowd/Exercicio-08/Exercicio-08.csproj" Id="36ee04d2-3043-4f88-a079-e6674f13dfb0" />
    <Project Path="Beecrowd/Exercicio-09/Exercicio-09.csproj" Id="558ea59a-7ddd-4309-9c72-533af80e6341" />
    <Project Path="Beecrowd/Exercicio-10/Exercicio-10.csproj" Id="0b8de81d-120b-4bfd-b6a3-4ed7ee9a56df" />
    <Project Path="Beecrowd/Exercicio-12/Exercicio-12.csproj" Id="f7b06f8f-d8e5-45f1-a827-7a8de58b533e" />
    <Project Path="Beecrowd/Exercicio-13/Exercicio-13.csproj" Id="fe356a95-4e32-4b45-b04d-da50a64c514d" />
    <Project Path="Beecrowd/Exercicio-14/Exercicio-14.csproj" Id="5e8caea2-3f92-4fe0-8c39-9643be35b967" />
    <Project Path="Beecrowd/Exercicio-15/Exercicio-15.csproj" Id="0e190aab-8482-4771-a14a-03eb86edd86f" />
    <Project Path="Beecrowd/Exercicio-16/Exercicio-16.csproj" Id="17a80b32-4bf0-4ee3-9d85-019ca38a2de8" />
    <Project Path="Beecrowd/Exercicio-17/Exercicio-17.csproj" Id="5c4ed584-4205-464e-80ce-39800e025a70" />
    <Project Path="Beecrowd/Exercicio-18/Exercicio-18.csproj" Id="91801303-52bb-4b4e-9cbe-ff93a91ff35f" />
    <Project Path="Curso-Logica/Exercicio-11/Exercicio-11.csproj" Id="a951c3d4-9b42-40aa-820a-e8676b8efa9e" />
  </Folder>
  <Folder Name="/Estudos-CSharp/Curso-Logica/">
    <Project Path="Curso-Logica/Aula-01/Aula-01.csproj" Id="c9f0105c-6d90-4dee-a400-1248129ec12c" />
    <Project Path="Curso-Logica/Aula-02/Aula-02.csproj" Id="9d328025-6928-4f85-8a84-e5047ac0ee3b" />
    <Project Path="Curso-Logica/Aula-03/Aula-03.csproj" Id="33487b03-524a-4e1a-82ee-353f0d2c6966" />
    <Project Path="Curso-Logica/Aula-04/Aula-04.csproj" Id="47b2a294-faa1-4f55-9812-4dc5d95c6b6b" />
    <Project Path="Curso-Logica/Aula-05/Aula-05.csproj" Id="8285106e-6b78-4c86-9df0-411ab92e9e94" />
    <Project Path="Curso-Logica/Aula-06/Aula-06.csproj" Id="e005d76c-0296-4318-97ae-73975bcf7ffa" />
    <Project Path="Curso-Logica/Aula-07/Aula-07.csproj" Id="b3a6d51e-3970-42ed-8b4c-fb547cc1e716" />
    <Project Path="Curso-Logica/Aula-08/Aula-08.csproj" Id="59838319-145c-471e-9d7d-2496c30ff77c" />
  </Folder>
</Solution>
